
Microsoft Visual Studio Solution File, Format Version 12.00
# Visual Studio Version 17
VisualStudioVersion = 17.12.35707.178
MinimumVisualStudioVersion = 10.0.40219.1
Project("{FAE04EC0-301F-11D3-BF4B-00C04F79EFBC}") = "LionPetManagement_NguyenHangNhatHuy", "LionPetManagement_NguyenHangNhatHuy\LionPetManagement_NguyenHangNhatHuy.csproj", "{07966BE2-6A1F-4AE3-90BD-476C0A90C23B}"
EndProject
Project("{FAE04EC0-301F-11D3-BF4B-00C04F79EFBC}") = "LionPetManagement_NguyenHangNhatHuy.BLL", "LionPetManagement_NguyenHangNhatHuy.BLL\LionPetManagement_NguyenHangNhatHuy.BLL.csproj", "{34568EA2-1591-4C7F-A699-75AA80786D51}"
EndProject
Project("{FAE04EC0-301F-11D3-BF4B-00C04F79EFBC}") = "LionPetManagement_NguyenHangNhatHuy.DAL", "LionPetManagement_NguyenHangNhatHuy.DAL\LionPetManagement_NguyenHangNhatHuy.DAL.csproj", "{99896758-BBC0-4AD7-935E-892266BCB57D}"
EndProject
Global
	GlobalSection(SolutionConfigurationPlatforms) = preSolution
		Debug|Any CPU = Debug|Any CPU
		Release|Any CPU = Release|Any CPU
	EndGlobalSection
	GlobalSection(ProjectConfigurationPlatforms) = postSolution
		{07966BE2-6A1F-4AE3-90BD-476C0A90C23B}.Debug|Any CPU.ActiveCfg = Debug|Any CPU
		{07966BE2-6A1F-4AE3-90BD-476C0A90C23B}.Debug|Any CPU.Build.0 = Debug|Any CPU
		{07966BE2-6A1F-4AE3-90BD-476C0A90C23B}.Release|Any CPU.ActiveCfg = Release|Any CPU
		{07966BE2-6A1F-4AE3-90BD-476C0A90C23B}.Release|Any CPU.Build.0 = Release|Any CPU
		{34568EA2-1591-4C7F-A699-75AA80786D51}.Debug|Any CPU.ActiveCfg = Debug|Any CPU
		{34568EA2-1591-4C7F-A699-75AA80786D51}.Debug|Any CPU.Build.0 = Debug|Any CPU
		{34568EA2-1591-4C7F-A699-75AA80786D51}.Release|Any CPU.ActiveCfg = Release|Any CPU
		{34568EA2-1591-4C7F-A699-75AA80786D51}.Release|Any CPU.Build.0 = Release|Any CPU
		{99896758-BBC0-4AD7-935E-892266BCB57D}.Debug|Any CPU.ActiveCfg = Debug|Any CPU
		{99896758-BBC0-4AD7-935E-892266BCB57D}.Debug|Any CPU.Build.0 = Debug|Any CPU
		{99896758-BBC0-4AD7-935E-892266BCB57D}.Release|Any CPU.ActiveCfg = Release|Any CPU
		{99896758-BBC0-4AD7-935E-892266BCB57D}.Release|Any CPU.Build.0 = Release|Any CPU
	EndGlobalSection
	GlobalSection(SolutionProperties) = preSolution
		HideSolutionNode = FALSE
	EndGlobalSection
EndGlobal
